// !$*UTF8*$!
{
	archiveVersion = 1;
	classes = {
	};
	objectVersion = 46;
	objects = {

/* Begin PBXBuildFile section */
		652549301EC794EC003D190F /* AppDelegate.swift in Sources */ = {isa = PBXBuildFile; fileRef = 6525492F1EC794EC003D190F /* AppDelegate.swift */; };
		652549371EC794EC003D190F /* Main.storyboard in Resources */ = {isa = PBXBuildFile; fileRef = 652549351EC794EC003D190F /* Main.storyboard */; };
		652549391EC794EC003D190F /* Assets.xcassets in Resources */ = {isa = PBXBuildFile; fileRef = 652549381EC794EC003D190F /* Assets.xcassets */; };
		6525493C1EC794EC003D190F /* LaunchScreen.storyboard in Resources */ = {isa = PBXBuildFile; fileRef = 6525493A1EC794EC003D190F /* LaunchScreen.storyboard */; };
		652549471EC794ED003D190F /* MaeToNaGloboTests.swift in Sources */ = {isa = PBXBuildFile; fileRef = 652549461EC794ED003D190F /* MaeToNaGloboTests.swift */; };
		652549531EC79564003D190F /* QRCodeReading.storyboard in Resources */ = {isa = PBXBuildFile; fileRef = 652549521EC79564003D190F /* QRCodeReading.storyboard */; };
		652549561EC79982003D190F /* QRCodeReadingInstructions.swift in Sources */ = {isa = PBXBuildFile; fileRef = 652549551EC79982003D190F /* QRCodeReadingInstructions.swift */; };
		652549591EC7A3CB003D190F /* QRCodeReaderViewController.swift in Sources */ = {isa = PBXBuildFile; fileRef = 652549581EC7A3CB003D190F /* QRCodeReaderViewController.swift */; };
		6525495B1EC7A701003D190F /* QRCodeReaderViewModel.swift in Sources */ = {isa = PBXBuildFile; fileRef = 6525495A1EC7A701003D190F /* QRCodeReaderViewModel.swift */; };
		6525495F1EC7A830003D190F /* CodeReader.swift in Sources */ = {isa = PBXBuildFile; fileRef = 6525495E1EC7A830003D190F /* CodeReader.swift */; };
		652549611EC7A83D003D190F /* AVCodeReader.swift in Sources */ = {isa = PBXBuildFile; fileRef = 652549601EC7A83D003D190F /* AVCodeReader.swift */; };
		65EE72CA1EC7B458009B250E /* ProgramFoundViewController.swift in Sources */ = {isa = PBXBuildFile; fileRef = 65EE72C91EC7B458009B250E /* ProgramFoundViewController.swift */; };
		65EE72CC1EC7BBDC009B250E /* Selves.storyboard in Resources */ = {isa = PBXBuildFile; fileRef = 65EE72CB1EC7BBDC009B250E /* Selves.storyboard */; };
		65EE72CE1EC7C00B009B250E /* TakeSelfViewController.swift in Sources */ = {isa = PBXBuildFile; fileRef = 65EE72CD1EC7C00B009B250E /* TakeSelfViewController.swift */; };
		65EE72D01EC7C550009B250E /* Camera.swift in Sources */ = {isa = PBXBuildFile; fileRef = 65EE72CF1EC7C550009B250E /* Camera.swift */; };
		65EE72D31EC7C5C1009B250E /* AVCamera.swift in Sources */ = {isa = PBXBuildFile; fileRef = 65EE72D21EC7C5C1009B250E /* AVCamera.swift */; };
/* End PBXBuildFile section */

/* Begin PBXContainerItemProxy section */
		652549431EC794ED003D190F /* PBXContainerItemProxy */ = {
			isa = PBXContainerItemProxy;
			containerPortal = 652549241EC794EC003D190F /* Project object */;
			proxyType = 1;
			remoteGlobalIDString = 6525492B1EC794EC003D190F;
			remoteInfo = MaeToNaGlobo;
		};
/* End PBXContainerItemProxy section */

/* Begin PBXFileReference section */
		6525492C1EC794EC003D190F /* MaeToNaGlobo.app */ = {isa = PBXFileReference; explicitFileType = wrapper.application; includeInIndex = 0; path = MaeToNaGlobo.app; sourceTree = BUILT_PRODUCTS_DIR; };
		6525492F1EC794EC003D190F /* AppDelegate.swift */ = {isa = PBXFileReference; lastKnownFileType = sourcecode.swift; path = AppDelegate.swift; sourceTree = "<group>"; };
		652549361EC794EC003D190F /* Base */ = {isa = PBXFileReference; lastKnownFileType = file.storyboard; name = Base; path = Base.lproj/Main.storyboard; sourceTree = "<group>"; };
		652549381EC794EC003D190F /* Assets.xcassets */ = {isa = PBXFileReference; lastKnownFileType = folder.assetcatalog; path = Assets.xcassets; sourceTree = "<group>"; };
		6525493B1EC794EC003D190F /* Base */ = {isa = PBXFileReference; lastKnownFileType = file.storyboard; name = Base; path = Base.lproj/LaunchScreen.storyboard; sourceTree = "<group>"; };
		6525493D1EC794EC003D190F /* Info.plist */ = {isa = PBXFileReference; lastKnownFileType = text.plist.xml; path = Info.plist; sourceTree = "<group>"; };
		652549421EC794ED003D190F /* MaeToNaGloboTests.xctest */ = {isa = PBXFileReference; explicitFileType = wrapper.cfbundle; includeInIndex = 0; path = MaeToNaGloboTests.xctest; sourceTree = BUILT_PRODUCTS_DIR; };
		652549461EC794ED003D190F /* MaeToNaGloboTests.swift */ = {isa = PBXFileReference; lastKnownFileType = sourcecode.swift; path = MaeToNaGloboTests.swift; sourceTree = "<group>"; };
		652549481EC794ED003D190F /* Info.plist */ = {isa = PBXFileReference; lastKnownFileType = text.plist.xml; path = Info.plist; sourceTree = "<group>"; };
		652549521EC79564003D190F /* QRCodeReading.storyboard */ = {isa = PBXFileReference; fileEncoding = 4; lastKnownFileType = file.storyboard; name = QRCodeReading.storyboard; path = Storyboards/QRCodeReading.storyboard; sourceTree = "<group>"; };
		652549551EC79982003D190F /* QRCodeReadingInstructions.swift */ = {isa = PBXFileReference; fileEncoding = 4; lastKnownFileType = sourcecode.swift; name = QRCodeReadingInstructions.swift; path = ViewControllers/QRCodeReadingInstructions.swift; sourceTree = "<group>"; };
		652549581EC7A3CB003D190F /* QRCodeReaderViewController.swift */ = {isa = PBXFileReference; fileEncoding = 4; lastKnownFileType = sourcecode.swift; name = QRCodeReaderViewController.swift; path = ViewControllers/QRCodeReaderViewController.swift; sourceTree = "<group>"; };
		6525495A1EC7A701003D190F /* QRCodeReaderViewModel.swift */ = {isa = PBXFileReference; fileEncoding = 4; lastKnownFileType = sourcecode.swift; name = QRCodeReaderViewModel.swift; path = ViewModels/QRCodeReaderViewModel.swift; sourceTree = "<group>"; };
		6525495E1EC7A830003D190F /* CodeReader.swift */ = {isa = PBXFileReference; fileEncoding = 4; lastKnownFileType = sourcecode.swift; path = CodeReader.swift; sourceTree = "<group>"; };
		652549601EC7A83D003D190F /* AVCodeReader.swift */ = {isa = PBXFileReference; fileEncoding = 4; lastKnownFileType = sourcecode.swift; path = AVCodeReader.swift; sourceTree = "<group>"; };
		65EE72C91EC7B458009B250E /* ProgramFoundViewController.swift */ = {isa = PBXFileReference; fileEncoding = 4; lastKnownFileType = sourcecode.swift; name = ProgramFoundViewController.swift; path = ViewControllers/ProgramFoundViewController.swift; sourceTree = "<group>"; };
		65EE72CB1EC7BBDC009B250E /* Selves.storyboard */ = {isa = PBXFileReference; fileEncoding = 4; lastKnownFileType = file.storyboard; name = Selves.storyboard; path = Storyboards/Selves.storyboard; sourceTree = "<group>"; };
		65EE72CD1EC7C00B009B250E /* TakeSelfViewController.swift */ = {isa = PBXFileReference; fileEncoding = 4; lastKnownFileType = sourcecode.swift; name = TakeSelfViewController.swift; path = ViewControllers/TakeSelfViewController.swift; sourceTree = "<group>"; };
		65EE72CF1EC7C550009B250E /* Camera.swift */ = {isa = PBXFileReference; fileEncoding = 4; lastKnownFileType = sourcecode.swift; name = Camera.swift; path = ViewControllers/Camera/Camera.swift; sourceTree = "<group>"; };
		65EE72D21EC7C5C1009B250E /* AVCamera.swift */ = {isa = PBXFileReference; fileEncoding = 4; lastKnownFileType = sourcecode.swift; name = AVCamera.swift; path = ViewControllers/Camera/AVCamera.swift; sourceTree = "<group>"; };
/* End PBXFileReference section */

/* Begin PBXFrameworksBuildPhase section */
		652549291EC794EC003D190F /* Frameworks */ = {
			isa = PBXFrameworksBuildPhase;
			buildActionMask = 2147483647;
			files = (
			);
			runOnlyForDeploymentPostprocessing = 0;
		};
		6525493F1EC794ED003D190F /* Frameworks */ = {
			isa = PBXFrameworksBuildPhase;
			buildActionMask = 2147483647;
			files = (
			);
			runOnlyForDeploymentPostprocessing = 0;
		};
/* End PBXFrameworksBuildPhase section */

/* Begin PBXGroup section */
		652549231EC794EC003D190F = {
			isa = PBXGroup;
			children = (
				6525492E1EC794EC003D190F /* MaeToNaGlobo */,
				652549451EC794ED003D190F /* MaeToNaGloboTests */,
				6525492D1EC794EC003D190F /* Products */,
			);
			sourceTree = "<group>";
		};
		6525492D1EC794EC003D190F /* Products */ = {
			isa = PBXGroup;
			children = (
				6525492C1EC794EC003D190F /* MaeToNaGlobo.app */,
				652549421EC794ED003D190F /* MaeToNaGloboTests.xctest */,
			);
			name = Products;
			sourceTree = "<group>";
		};
		6525492E1EC794EC003D190F /* MaeToNaGlobo */ = {
			isa = PBXGroup;
			children = (
				6525492F1EC794EC003D190F /* AppDelegate.swift */,
				652549351EC794EC003D190F /* Main.storyboard */,
				652549511EC79525003D190F /* Supporting files */,
				652549541EC79569003D190F /* Storyboards */,
				652549571EC79987003D190F /* ViewControllers */,
				6525495C1EC7A711003D190F /* ViewModels */,
			);
			path = MaeToNaGlobo;
			sourceTree = "<group>";
		};
		652549451EC794ED003D190F /* MaeToNaGloboTests */ = {
			isa = PBXGroup;
			children = (
				652549461EC794ED003D190F /* MaeToNaGloboTests.swift */,
				652549481EC794ED003D190F /* Info.plist */,
			);
			path = MaeToNaGloboTests;
			sourceTree = "<group>";
		};
		652549511EC79525003D190F /* Supporting files */ = {
			isa = PBXGroup;
			children = (
				652549381EC794EC003D190F /* Assets.xcassets */,
				6525493A1EC794EC003D190F /* LaunchScreen.storyboard */,
				6525493D1EC794EC003D190F /* Info.plist */,
			);
			name = "Supporting files";
			sourceTree = "<group>";
		};
		652549541EC79569003D190F /* Storyboards */ = {
			isa = PBXGroup;
			children = (
				652549521EC79564003D190F /* QRCodeReading.storyboard */,
				65EE72CB1EC7BBDC009B250E /* Selves.storyboard */,
			);
			name = Storyboards;
			sourceTree = "<group>";
		};
		652549571EC79987003D190F /* ViewControllers */ = {
			isa = PBXGroup;
			children = (
				652549551EC79982003D190F /* QRCodeReadingInstructions.swift */,
				652549581EC7A3CB003D190F /* QRCodeReaderViewController.swift */,
				65EE72C91EC7B458009B250E /* ProgramFoundViewController.swift */,
				65EE72CD1EC7C00B009B250E /* TakeSelfViewController.swift */,
				6525495D1EC7A824003D190F /* CodeReader */,
				65EE72D11EC7C554009B250E /* Camera */,
			);
			name = ViewControllers;
			sourceTree = "<group>";
		};
		6525495C1EC7A711003D190F /* ViewModels */ = {
			isa = PBXGroup;
			children = (
				6525495A1EC7A701003D190F /* QRCodeReaderViewModel.swift */,
			);
			name = ViewModels;
			sourceTree = "<group>";
		};
		6525495D1EC7A824003D190F /* CodeReader */ = {
			isa = PBXGroup;
			children = (
				6525495E1EC7A830003D190F /* CodeReader.swift */,
				652549601EC7A83D003D190F /* AVCodeReader.swift */,
			);
			name = CodeReader;
			path = ViewControllers/CodeReader;
			sourceTree = "<group>";
		};
		65EE72D11EC7C554009B250E /* Camera */ = {
			isa = PBXGroup;
			children = (
				65EE72CF1EC7C550009B250E /* Camera.swift */,
				65EE72D21EC7C5C1009B250E /* AVCamera.swift */,
			);
			name = Camera;
			sourceTree = "<group>";
		};
/* End PBXGroup section */

/* Begin PBXNativeTarget section */
		6525492B1EC794EC003D190F /* MaeToNaGlobo */ = {
			isa = PBXNativeTarget;
			buildConfigurationList = 6525494B1EC794ED003D190F /* Build configuration list for PBXNativeTarget "MaeToNaGlobo" */;
			buildPhases = (
				652549281EC794EC003D190F /* Sources */,
				652549291EC794EC003D190F /* Frameworks */,
				6525492A1EC794EC003D190F /* Resources */,
			);
			buildRules = (
			);
			dependencies = (
			);
			name = MaeToNaGlobo;
			productName = MaeToNaGlobo;
			productReference = 6525492C1EC794EC003D190F /* MaeToNaGlobo.app */;
			productType = "com.apple.product-type.application";
		};
		652549411EC794ED003D190F /* MaeToNaGloboTests */ = {
			isa = PBXNativeTarget;
			buildConfigurationList = 6525494E1EC794ED003D190F /* Build configuration list for PBXNativeTarget "MaeToNaGloboTests" */;
			buildPhases = (
				6525493E1EC794ED003D190F /* Sources */,
				6525493F1EC794ED003D190F /* Frameworks */,
				652549401EC794ED003D190F /* Resources */,
			);
			buildRules = (
			);
			dependencies = (
				652549441EC794ED003D190F /* PBXTargetDependency */,
			);
			name = MaeToNaGloboTests;
			productName = MaeToNaGloboTests;
			productReference = 652549421EC794ED003D190F /* MaeToNaGloboTests.xctest */;
			productType = "com.apple.product-type.bundle.unit-test";
		};
/* End PBXNativeTarget section */

/* Begin PBXProject section */
		652549241EC794EC003D190F /* Project object */ = {
			isa = PBXProject;
			attributes = {
				LastSwiftUpdateCheck = 0830;
				LastUpgradeCheck = 0830;
				ORGANIZATIONNAME = "Daniel Carlos";
				TargetAttributes = {
					6525492B1EC794EC003D190F = {
						CreatedOnToolsVersion = 8.3.2;
						DevelopmentTeam = 266E2EENR9;
						ProvisioningStyle = Automatic;
					};
					652549411EC794ED003D190F = {
						CreatedOnToolsVersion = 8.3.2;
						ProvisioningStyle = Automatic;
						TestTargetID = 6525492B1EC794EC003D190F;
					};
				};
			};
			buildConfigurationList = 652549271EC794EC003D190F /* Build configuration list for PBXProject "MaeToNaGlobo" */;
			compatibilityVersion = "Xcode 3.2";
			developmentRegion = English;
			hasScannedForEncodings = 0;
			knownRegions = (
				en,
				Base,
			);
			mainGroup = 652549231EC794EC003D190F;
			productRefGroup = 6525492D1EC794EC003D190F /* Products */;
			projectDirPath = "";
			projectRoot = "";
			targets = (
				6525492B1EC794EC003D190F /* MaeToNaGlobo */,
				652549411EC794ED003D190F /* MaeToNaGloboTests */,
			);
		};
/* End PBXProject section */

/* Begin PBXResourcesBuildPhase section */
		6525492A1EC794EC003D190F /* Resources */ = {
			isa = PBXResourcesBuildPhase;
			buildActionMask = 2147483647;
			files = (
				6525493C1EC794EC003D190F /* LaunchScreen.storyboard in Resources */,
				652549391EC794EC003D190F /* Assets.xcassets in Resources */,
				652549371EC794EC003D190F /* Main.storyboard in Resources */,
				65EE72CC1EC7BBDC009B250E /* Selves.storyboard in Resources */,
				652549531EC79564003D190F /* QRCodeReading.storyboard in Resources */,
			);
			runOnlyForDeploymentPostprocessing = 0;
		};
		652549401EC794ED003D190F /* Resources */ = {
			isa = PBXResourcesBuildPhase;
			buildActionMask = 2147483647;
			files = (
			);
			runOnlyForDeploymentPostprocessing = 0;
		};
/* End PBXResourcesBuildPhase section */

/* Begin PBXSourcesBuildPhase section */
		652549281EC794EC003D190F /* Sources */ = {
			isa = PBXSourcesBuildPhase;
			buildActionMask = 2147483647;
			files = (
				652549611EC7A83D003D190F /* AVCodeReader.swift in Sources */,
				652549591EC7A3CB003D190F /* QRCodeReaderViewController.swift in Sources */,
				65EE72CA1EC7B458009B250E /* ProgramFoundViewController.swift in Sources */,
				652549301EC794EC003D190F /* AppDelegate.swift in Sources */,
				652549561EC79982003D190F /* QRCodeReadingInstructions.swift in Sources */,
				65EE72D31EC7C5C1009B250E /* AVCamera.swift in Sources */,
				65EE72CE1EC7C00B009B250E /* TakeSelfViewController.swift in Sources */,
				6525495B1EC7A701003D190F /* QRCodeReaderViewModel.swift in Sources */,
				6525495F1EC7A830003D190F /* CodeReader.swift in Sources */,
				65EE72D01EC7C550009B250E /* Camera.swift in Sources */,
			);
			runOnlyForDeploymentPostprocessing = 0;
		};
		6525493E1EC794ED003D190F /* Sources */ = {
			isa = PBXSourcesBuildPhase;
			buildActionMask = 2147483647;
			files = (
				652549471EC794ED003D190F /* MaeToNaGloboTests.swift in Sources */,
			);
			runOnlyForDeploymentPostprocessing = 0;
		};
/* End PBXSourcesBuildPhase section */

/* Begin PBXTargetDependency section */
		652549441EC794ED003D190F /* PBXTargetDependency */ = {
			isa = PBXTargetDependency;
			target = 6525492B1EC794EC003D190F /* MaeToNaGlobo */;
			targetProxy = 652549431EC794ED003D190F /* PBXContainerItemProxy */;
		};
/* End PBXTargetDependency section */

/* Begin PBXVariantGroup section */
		652549351EC794EC003D190F /* Main.storyboard */ = {
			isa = PBXVariantGroup;
			children = (
				652549361EC794EC003D190F /* Base */,
			);
			name = Main.storyboard;
			sourceTree = "<group>";
		};
		6525493A1EC794EC003D190F /* LaunchScreen.storyboard */ = {
			isa = PBXVariantGroup;
			children = (
				6525493B1EC794EC003D190F /* Base */,
			);
			name = LaunchScreen.storyboard;
			sourceTree = "<group>";
		};
/* End PBXVariantGroup section */

/* Begin XCBuildConfiguration section */
		652549491EC794ED003D190F /* Debug */ = {
			isa = XCBuildConfiguration;
			buildSettings = {
				ALWAYS_SEARCH_USER_PATHS = NO;
				CLANG_ANALYZER_NONNULL = YES;
				CLANG_ANALYZER_NUMBER_OBJECT_CONVERSION = YES_AGGRESSIVE;
				CLANG_CXX_LANGUAGE_STANDARD = "gnu++0x";
				CLANG_CXX_LIBRARY = "libc++";
				CLANG_ENABLE_MODULES = YES;
				CLANG_ENABLE_OBJC_ARC = YES;
				CLANG_WARN_BOOL_CONVERSION = YES;
				CLANG_WARN_CONSTANT_CONVERSION = YES;
				CLANG_WARN_DIRECT_OBJC_ISA_USAGE = YES_ERROR;
				CLANG_WARN_DOCUMENTATION_COMMENTS = YES;
				CLANG_WARN_EMPTY_BODY = YES;
				CLANG_WARN_ENUM_CONVERSION = YES;
				CLANG_WARN_INFINITE_RECURSION = YES;
				CLANG_WARN_INT_CONVERSION = YES;
				CLANG_WARN_OBJC_ROOT_CLASS = YES_ERROR;
				CLANG_WARN_SUSPICIOUS_MOVE = YES;
				CLANG_WARN_UNREACHABLE_CODE = YES;
				CLANG_WARN__DUPLICATE_METHOD_MATCH = YES;
				"CODE_SIGN_IDENTITY[sdk=iphoneos*]" = "iPhone Developer";
				COPY_PHASE_STRIP = NO;
				DEBUG_INFORMATION_FORMAT = dwarf;
				ENABLE_STRICT_OBJC_MSGSEND = YES;
				ENABLE_TESTABILITY = YES;
				GCC_C_LANGUAGE_STANDARD = gnu99;
				GCC_DYNAMIC_NO_PIC = NO;
				GCC_NO_COMMON_BLOCKS = YES;
				GCC_OPTIMIZATION_LEVEL = 0;
				GCC_PREPROCESSOR_DEFINITIONS = (
					"DEBUG=1",
					"$(inherited)",
				);
				GCC_WARN_64_TO_32_BIT_CONVERSION = YES;
				GCC_WARN_ABOUT_RETURN_TYPE = YES_ERROR;
				GCC_WARN_UNDECLARED_SELECTOR = YES;
				GCC_WARN_UNINITIALIZED_AUTOS = YES_AGGRESSIVE;
				GCC_WARN_UNUSED_FUNCTION = YES;
				GCC_WARN_UNUSED_VARIABLE = YES;
				IPHONEOS_DEPLOYMENT_TARGET = 10.3;
				MTL_ENABLE_DEBUG_INFO = YES;
				ONLY_ACTIVE_ARCH = YES;
				SDKROOT = iphoneos;
				SWIFT_ACTIVE_COMPILATION_CONDITIONS = DEBUG;
				SWIFT_OPTIMIZATION_LEVEL = "-Onone";
			};
			name = Debug;
		};
		6525494A1EC794ED003D190F /* Release */ = {
			isa = XCBuildConfiguration;
			buildSettings = {
				ALWAYS_SEARCH_USER_PATHS = NO;
				CLANG_ANALYZER_NONNULL = YES;
				CLANG_ANALYZER_NUMBER_OBJECT_CONVERSION = YES_AGGRESSIVE;
				CLANG_CXX_LANGUAGE_STANDARD = "gnu++0x";
				CLANG_CXX_LIBRARY = "libc++";
				CLANG_ENABLE_MODULES = YES;
				CLANG_ENABLE_OBJC_ARC = YES;
				CLANG_WARN_BOOL_CONVERSION = YES;
				CLANG_WARN_CONSTANT_CONVERSION = YES;
				CLANG_WARN_DIRECT_OBJC_ISA_USAGE = YES_ERROR;
				CLANG_WARN_DOCUMENTATION_COMMENTS = YES;
				CLANG_WARN_EMPTY_BODY = YES;
				CLANG_WARN_ENUM_CONVERSION = YES;
				CLANG_WARN_INFINITE_RECURSION = YES;
				CLANG_WARN_INT_CONVERSION = YES;
				CLANG_WARN_OBJC_ROOT_CLASS = YES_ERROR;
				CLANG_WARN_SUSPICIOUS_MOVE = YES;
				CLANG_WARN_UNREACHABLE_CODE = YES;
				CLANG_WARN__DUPLICATE_METHOD_MATCH = YES;
				"CODE_SIGN_IDENTITY[sdk=iphoneos*]" = "iPhone Developer";
				COPY_PHASE_STRIP = NO;
				DEBUG_INFORMATION_FORMAT = "dwarf-with-dsym";
				ENABLE_NS_ASSERTIONS = NO;
				ENABLE_STRICT_OBJC_MSGSEND = YES;
				GCC_C_LANGUAGE_STANDARD = gnu99;
				GCC_NO_COMMON_BLOCKS = YES;
				GCC_WARN_64_TO_32_BIT_CONVERSION = YES;
				GCC_WARN_ABOUT_RETURN_TYPE = YES_ERROR;
				GCC_WARN_UNDECLARED_SELECTOR = YES;
				GCC_WARN_UNINITIALIZED_AUTOS = YES_AGGRESSIVE;
				GCC_WARN_UNUSED_FUNCTION = YES;
				GCC_WARN_UNUSED_VARIABLE = YES;
				IPHONEOS_DEPLOYMENT_TARGET = 10.3;
				MTL_ENABLE_DEBUG_INFO = NO;
				SDKROOT = iphoneos;
				SWIFT_OPTIMIZATION_LEVEL = "-Owholemodule";
				VALIDATE_PRODUCT = YES;
			};
			name = Release;
		};
		6525494C1EC794ED003D190F /* Debug */ = {
			isa = XCBuildConfiguration;
			buildSettings = {
				ASSETCATALOG_COMPILER_APPICON_NAME = AppIcon;
				DEVELOPMENT_TEAM = 266E2EENR9;
				INFOPLIST_FILE = MaeToNaGlobo/Info.plist;
				LD_RUNPATH_SEARCH_PATHS = "$(inherited) @executable_path/Frameworks";
				PRODUCT_BUNDLE_IDENTIFIER = com.danielcarlosce.MaeToNaGlobo;
				PRODUCT_NAME = "$(TARGET_NAME)";
				SWIFT_VERSION = 3.0;
			};
			name = Debug;
		};
		6525494D1EC794ED003D190F /* Release */ = {
			isa = XCBuildConfiguration;
			buildSettings = {
				ASSETCATALOG_COMPILER_APPICON_NAME = AppIcon;
				DEVELOPMENT_TEAM = 266E2EENR9;
				INFOPLIST_FILE = MaeToNaGlobo/Info.plist;
				LD_RUNPATH_SEARCH_PATHS = "$(inherited) @executable_path/Frameworks";
				PRODUCT_BUNDLE_IDENTIFIER = com.danielcarlosce.MaeToNaGlobo;
				PRODUCT_NAME = "$(TARGET_NAME)";
				SWIFT_VERSION = 3.0;
			};
			name = Release;
		};
		6525494F1EC794ED003D190F /* Debug */ = {
			isa = XCBuildConfiguration;
			buildSettings = {
				ALWAYS_EMBED_SWIFT_STANDARD_LIBRARIES = YES;
				BUNDLE_LOADER = "$(TEST_HOST)";
				INFOPLIST_FILE = MaeToNaGloboTests/Info.plist;
				LD_RUNPATH_SEARCH_PATHS = "$(inherited) @executable_path/Frameworks @loader_path/Frameworks";
				PRODUCT_BUNDLE_IDENTIFIER = com.danielcarlosce.MaeToNaGloboTests;
				PRODUCT_NAME = "$(TARGET_NAME)";
				SWIFT_VERSION = 3.0;
				TEST_HOST = "$(BUILT_PRODUCTS_DIR)/MaeToNaGlobo.app/MaeToNaGlobo";
			};
			name = Debug;
		};
		652549501EC794ED003D190F /* Release */ = {
			isa = XCBuildConfiguration;
			buildSettings = {
				ALWAYS_EMBED_SWIFT_STANDARD_LIBRARIES = YES;
				BUNDLE_LOADER = "$(TEST_HOST)";
				INFOPLIST_FILE = MaeToNaGloboTests/Info.plist;
				LD_RUNPATH_SEARCH_PATHS = "$(inherited) @executable_path/Frameworks @loader_path/Frameworks";
				PRODUCT_BUNDLE_IDENTIFIER = com.danielcarlosce.MaeToNaGloboTests;
				PRODUCT_NAME = "$(TARGET_NAME)";
				SWIFT_VERSION = 3.0;
				TEST_HOST = "$(BUILT_PRODUCTS_DIR)/MaeToNaGlobo.app/MaeToNaGlobo";
			};
			name = Release;
		};
/* End XCBuildConfiguration section */

/* Begin XCConfigurationList section */
		652549271EC794EC003D190F /* Build configuration list for PBXProject "MaeToNaGlobo" */ = {
			isa = XCConfigurationList;
			buildConfigurations = (
				652549491EC794ED003D190F /* Debug */,
				6525494A1EC794ED003D190F /* Release */,
			);
			defaultConfigurationIsVisible = 0;
			defaultConfigurationName = Release;
		};
		6525494B1EC794ED003D190F /* Build configuration list for PBXNativeTarget "MaeToNaGlobo" */ = {
			isa = XCConfigurationList;
			buildConfigurations = (
				6525494C1EC794ED003D190F /* Debug */,
				6525494D1EC794ED003D190F /* Release */,
			);
			defaultConfigurationIsVisible = 0;
			defaultConfigurationName = Release;
		};
		6525494E1EC794ED003D190F /* Build configuration list for PBXNativeTarget "MaeToNaGloboTests" */ = {
			isa = XCConfigurationList;
			buildConfigurations = (
				6525494F1EC794ED003D190F /* Debug */,
				652549501EC794ED003D190F /* Release */,
			);
			defaultConfigurationIsVisible = 0;
			defaultConfigurationName = Release;
		};
/* End XCConfigurationList section */
	};
	rootObject = 652549241EC794EC003D190F /* Project object */;
}
